
Microsoft Visual Studio Solution File, Format Version 12.00
# Visual Studio Version 17
VisualStudioVersion = 17.2.32516.85
MinimumVisualStudioVersion = 10.0.40219.1
Project("{FAE04EC0-301F-11D3-BF4B-00C04F79EFBC}") = "ProjetAPI.Web", "ProjetAPI\ProjetAPI.Web.csproj", "{D3686222-2408-480A-BCC2-88640A079832}"
EndProject
Global
	GlobalSection(SolutionConfigurationPlatforms) = preSolution
		Debug|Any CPU = Debug|Any CPU
		Release|Any CPU = Release|Any CPU
	EndGlobalSection
	GlobalSection(ProjectConfigurationPlatforms) = postSolution
		{D3686222-2408-480A-BCC2-88640A079832}.Debug|Any CPU.ActiveCfg = Debug|Any CPU
		{D3686222-2408-480A-BCC2-88640A079832}.Debug|Any CPU.Build.0 = Debug|Any CPU
		{D3686222-2408-480A-BCC2-88640A079832}.Release|Any CPU.ActiveCfg = Release|Any CPU
		{D3686222-2408-480A-BCC2-88640A079832}.Release|Any CPU.Build.0 = Release|Any CPU
	EndGlobalSection
	GlobalSection(SolutionProperties) = preSolution
		HideSolutionNode = FALSE
	EndGlobalSection
	GlobalSection(ExtensibilityGlobals) = postSolution
		SolutionGuid = {B9EBA7F9-6985-47AB-A54F-B26FE80DEE7E}
	EndGlobalSection
EndGlobal
